
Microsoft Visual Studio Solution File, Format Version 12.00
# Visual Studio Version 17
VisualStudioVersion = 17.9.34701.34
MinimumVisualStudioVersion = 10.0.40219.1
Project("{2150E333-8FDC-42A3-9474-1A3956D46DE8}") = "Services", "Services", "{662598BB-E7E2-40E6-B2EA-892AA25F879E}"
EndProject
Project("{2150E333-8FDC-42A3-9474-1A3956D46DE8}") = "ApiGateways", "ApiGateways", "{D2AC8B53-93D2-46C0-9C75-4D7AE2183B9D}"
EndProject
Project("{2150E333-8FDC-42A3-9474-1A3956D46DE8}") = "Common", "Common", "{24580140-4E74-47BA-A69A-98135C349009}"
EndProject
Project("{2150E333-8FDC-42A3-9474-1A3956D46DE8}") = "Catalog", "Catalog", "{2D0B8608-9823-4B73-8ABB-BB2E97DA921B}"
EndProject
Project("{2150E333-8FDC-42A3-9474-1A3956D46DE8}") = "Ordering", "Ordering", "{B6AC4FDB-AA1D-4ECA-AFB5-FAA6E1E12F3B}"
EndProject
Project("{2150E333-8FDC-42A3-9474-1A3956D46DE8}") = "Basket", "Basket", "{837D0274-1EBE-4329-9057-8C7BDF8C1164}"
EndProject
Project("{2150E333-8FDC-42A3-9474-1A3956D46DE8}") = "Discount", "Discount", "{F6BAE498-4089-4C01-BB34-65FF8958B5C8}"
EndProject
Project("{9A19103F-16F7-4668-BE54-9A1E7A4F7556}") = "Common", "Common\Common\Common.csproj", "{20CB8BE0-495F-4DDD-92B9-FE306777A3EF}"
EndProject
Project("{E53339B2-1760-4266-BCC7-CA923CBCF16C}") = "docker-compose", "docker-compose.dcproj", "{D1E1C68F-C65E-47AB-B964-DA4CCCFF412E}"
EndProject
Project("{9A19103F-16F7-4668-BE54-9A1E7A4F7556}") = "Catalog.Api", "Services\Catalog\Catalog.Api\Catalog.Api.csproj", "{06AAC943-1ECE-4EA3-9D61-A1D62C377F67}"
EndProject
Project("{9A19103F-16F7-4668-BE54-9A1E7A4F7556}") = "Basket.Api", "Services\Basket\Basket.Api\Basket.Api.csproj", "{78C29ADD-DC5F-4789-8550-896F35EF0A23}"
EndProject
Project("{2150E333-8FDC-42A3-9474-1A3956D46DE8}") = "Solution Items", "Solution Items", "{5F53DA4B-FE43-403A-9FDE-DB8AABCD6805}"
	ProjectSection(SolutionItems) = preProject
		..\README.md = ..\README.md
	EndProjectSection
EndProject
Project("{9A19103F-16F7-4668-BE54-9A1E7A4F7556}") = "Discount.gRPC", "Services\Discount\Discount.gRPC\Discount.gRPC.csproj", "{7921DAC2-B440-463D-93C9-29AA72981BFC}"
EndProject
Project("{9A19103F-16F7-4668-BE54-9A1E7A4F7556}") = "Ordering.Api", "Services\Ordering\Ordering.Api\Ordering.Api.csproj", "{2C0183B9-C7EF-4F99-99C1-67542CC46BB3}"
EndProject
Project("{9A19103F-16F7-4668-BE54-9A1E7A4F7556}") = "Ordering.Domain", "Services\Ordering\Ordering.Domain\Ordering.Domain.csproj", "{467919C1-E807-4F4C-85E4-65A75B11BEE7}"
EndProject
Project("{9A19103F-16F7-4668-BE54-9A1E7A4F7556}") = "Ordering.Application", "Services\Ordering\Ordering.Application\Ordering.Application.csproj", "{4346747A-6FFD-405E-85AF-507FDE5FE534}"
EndProject
Project("{9A19103F-16F7-4668-BE54-9A1E7A4F7556}") = "Ordering.Infrastructure", "Services\Ordering\Ordering.Infrastructure\Ordering.Infrastructure.csproj", "{3BC78C63-4A03-47DA-8554-33D0F1BBDCB8}"
EndProject
Project("{9A19103F-16F7-4668-BE54-9A1E7A4F7556}") = "Common.Messaging", "Common\Common.Messaging\Common.Messaging.csproj", "{75509FB5-8833-48FD-B253-EB391BF9F85C}"
EndProject
Project("{9A19103F-16F7-4668-BE54-9A1E7A4F7556}") = "YarpApiGateway", "ApiGateways\YarpApiGateway\YarpApiGateway.csproj", "{6C657FAC-E7CA-47DE-BDDA-1EF4C50E6177}"
EndProject
Project("{2150E333-8FDC-42A3-9474-1A3956D46DE8}") = "Authentication", "Authentication", "{E9E770E1-369B-48AF-8CF5-6444EAA28324}"
EndProject
Project("{FAE04EC0-301F-11D3-BF4B-00C04F79EFBC}") = "Authentication.Api", "Services\Authentication\Authentication.Api\Authentication.Api.csproj", "{2C925268-7564-4DE2-ACBF-61316B1A2E8D}"
EndProject
Global
	GlobalSection(SolutionConfigurationPlatforms) = preSolution
		Debug|Any CPU = Debug|Any CPU
		Release|Any CPU = Release|Any CPU
	EndGlobalSection
	GlobalSection(ProjectConfigurationPlatforms) = postSolution
		{20CB8BE0-495F-4DDD-92B9-FE306777A3EF}.Debug|Any CPU.ActiveCfg = Debug|Any CPU
		{20CB8BE0-495F-4DDD-92B9-FE306777A3EF}.Debug|Any CPU.Build.0 = Debug|Any CPU
		{20CB8BE0-495F-4DDD-92B9-FE306777A3EF}.Release|Any CPU.ActiveCfg = Release|Any CPU
		{20CB8BE0-495F-4DDD-92B9-FE306777A3EF}.Release|Any CPU.Build.0 = Release|Any CPU
		{D1E1C68F-C65E-47AB-B964-DA4CCCFF412E}.Debug|Any CPU.ActiveCfg = Debug|Any CPU
		{D1E1C68F-C65E-47AB-B964-DA4CCCFF412E}.Debug|Any CPU.Build.0 = Debug|Any CPU
		{D1E1C68F-C65E-47AB-B964-DA4CCCFF412E}.Release|Any CPU.ActiveCfg = Release|Any CPU
		{D1E1C68F-C65E-47AB-B964-DA4CCCFF412E}.Release|Any CPU.Build.0 = Release|Any CPU
		{06AAC943-1ECE-4EA3-9D61-A1D62C377F67}.Debug|Any CPU.ActiveCfg = Debug|Any CPU
		{06AAC943-1ECE-4EA3-9D61-A1D62C377F67}.Debug|Any CPU.Build.0 = Debug|Any CPU
		{06AAC943-1ECE-4EA3-9D61-A1D62C377F67}.Release|Any CPU.ActiveCfg = Release|Any CPU
		{06AAC943-1ECE-4EA3-9D61-A1D62C377F67}.Release|Any CPU.Build.0 = Release|Any CPU
		{78C29ADD-DC5F-4789-8550-896F35EF0A23}.Debug|Any CPU.ActiveCfg = Debug|Any CPU
		{78C29ADD-DC5F-4789-8550-896F35EF0A23}.Debug|Any CPU.Build.0 = Debug|Any CPU
		{78C29ADD-DC5F-4789-8550-896F35EF0A23}.Release|Any CPU.ActiveCfg = Release|Any CPU
		{78C29ADD-DC5F-4789-8550-896F35EF0A23}.Release|Any CPU.Build.0 = Release|Any CPU
		{7921DAC2-B440-463D-93C9-29AA72981BFC}.Debug|Any CPU.ActiveCfg = Debug|Any CPU
		{7921DAC2-B440-463D-93C9-29AA72981BFC}.Debug|Any CPU.Build.0 = Debug|Any CPU
		{7921DAC2-B440-463D-93C9-29AA72981BFC}.Release|Any CPU.ActiveCfg = Release|Any CPU
		{7921DAC2-B440-463D-93C9-29AA72981BFC}.Release|Any CPU.Build.0 = Release|Any CPU
		{2C0183B9-C7EF-4F99-99C1-67542CC46BB3}.Debug|Any CPU.ActiveCfg = Debug|Any CPU
		{2C0183B9-C7EF-4F99-99C1-67542CC46BB3}.Debug|Any CPU.Build.0 = Debug|Any CPU
		{2C0183B9-C7EF-4F99-99C1-67542CC46BB3}.Release|Any CPU.ActiveCfg = Release|Any CPU
		{2C0183B9-C7EF-4F99-99C1-67542CC46BB3}.Release|Any CPU.Build.0 = Release|Any CPU
		{467919C1-E807-4F4C-85E4-65A75B11BEE7}.Debug|Any CPU.ActiveCfg = Debug|Any CPU
		{467919C1-E807-4F4C-85E4-65A75B11BEE7}.Debug|Any CPU.Build.0 = Debug|Any CPU
		{467919C1-E807-4F4C-85E4-65A75B11BEE7}.Release|Any CPU.ActiveCfg = Release|Any CPU
		{467919C1-E807-4F4C-85E4-65A75B11BEE7}.Release|Any CPU.Build.0 = Release|Any CPU
		{4346747A-6FFD-405E-85AF-507FDE5FE534}.Debug|Any CPU.ActiveCfg = Debug|Any CPU
		{4346747A-6FFD-405E-85AF-507FDE5FE534}.Debug|Any CPU.Build.0 = Debug|Any CPU
		{4346747A-6FFD-405E-85AF-507FDE5FE534}.Release|Any CPU.ActiveCfg = Release|Any CPU
		{4346747A-6FFD-405E-85AF-507FDE5FE534}.Release|Any CPU.Build.0 = Release|Any CPU
		{3BC78C63-4A03-47DA-8554-33D0F1BBDCB8}.Debug|Any CPU.ActiveCfg = Debug|Any CPU
		{3BC78C63-4A03-47DA-8554-33D0F1BBDCB8}.Debug|Any CPU.Build.0 = Debug|Any CPU
		{3BC78C63-4A03-47DA-8554-33D0F1BBDCB8}.Release|Any CPU.ActiveCfg = Release|Any CPU
		{3BC78C63-4A03-47DA-8554-33D0F1BBDCB8}.Release|Any CPU.Build.0 = Release|Any CPU
		{75509FB5-8833-48FD-B253-EB391BF9F85C}.Debug|Any CPU.ActiveCfg = Debug|Any CPU
		{75509FB5-8833-48FD-B253-EB391BF9F85C}.Debug|Any CPU.Build.0 = Debug|Any CPU
		{75509FB5-8833-48FD-B253-EB391BF9F85C}.Release|Any CPU.ActiveCfg = Release|Any CPU
		{75509FB5-8833-48FD-B253-EB391BF9F85C}.Release|Any CPU.Build.0 = Release|Any CPU
		{6C657FAC-E7CA-47DE-BDDA-1EF4C50E6177}.Debug|Any CPU.ActiveCfg = Debug|Any CPU
		{6C657FAC-E7CA-47DE-BDDA-1EF4C50E6177}.Debug|Any CPU.Build.0 = Debug|Any CPU
		{6C657FAC-E7CA-47DE-BDDA-1EF4C50E6177}.Release|Any CPU.ActiveCfg = Release|Any CPU
		{6C657FAC-E7CA-47DE-BDDA-1EF4C50E6177}.Release|Any CPU.Build.0 = Release|Any CPU
		{2C925268-7564-4DE2-ACBF-61316B1A2E8D}.Debug|Any CPU.ActiveCfg = Debug|Any CPU
		{2C925268-7564-4DE2-ACBF-61316B1A2E8D}.Debug|Any CPU.Build.0 = Debug|Any CPU
		{2C925268-7564-4DE2-ACBF-61316B1A2E8D}.Release|Any CPU.ActiveCfg = Release|Any CPU
		{2C925268-7564-4DE2-ACBF-61316B1A2E8D}.Release|Any CPU.Build.0 = Release|Any CPU
	EndGlobalSection
	GlobalSection(SolutionProperties) = preSolution
		HideSolutionNode = FALSE
	EndGlobalSection
	GlobalSection(NestedProjects) = preSolution
		{2D0B8608-9823-4B73-8ABB-BB2E97DA921B} = {662598BB-E7E2-40E6-B2EA-892AA25F879E}
		{B6AC4FDB-AA1D-4ECA-AFB5-FAA6E1E12F3B} = {662598BB-E7E2-40E6-B2EA-892AA25F879E}
		{837D0274-1EBE-4329-9057-8C7BDF8C1164} = {662598BB-E7E2-40E6-B2EA-892AA25F879E}
		{F6BAE498-4089-4C01-BB34-65FF8958B5C8} = {662598BB-E7E2-40E6-B2EA-892AA25F879E}
		{20CB8BE0-495F-4DDD-92B9-FE306777A3EF} = {24580140-4E74-47BA-A69A-98135C349009}
		{06AAC943-1ECE-4EA3-9D61-A1D62C377F67} = {2D0B8608-9823-4B73-8ABB-BB2E97DA921B}
		{78C29ADD-DC5F-4789-8550-896F35EF0A23} = {837D0274-1EBE-4329-9057-8C7BDF8C1164}
		{7921DAC2-B440-463D-93C9-29AA72981BFC} = {F6BAE498-4089-4C01-BB34-65FF8958B5C8}
		{2C0183B9-C7EF-4F99-99C1-67542CC46BB3} = {B6AC4FDB-AA1D-4ECA-AFB5-FAA6E1E12F3B}
		{467919C1-E807-4F4C-85E4-65A75B11BEE7} = {B6AC4FDB-AA1D-4ECA-AFB5-FAA6E1E12F3B}
		{4346747A-6FFD-405E-85AF-507FDE5FE534} = {B6AC4FDB-AA1D-4ECA-AFB5-FAA6E1E12F3B}
		{3BC78C63-4A03-47DA-8554-33D0F1BBDCB8} = {B6AC4FDB-AA1D-4ECA-AFB5-FAA6E1E12F3B}
		{75509FB5-8833-48FD-B253-EB391BF9F85C} = {24580140-4E74-47BA-A69A-98135C349009}
		{6C657FAC-E7CA-47DE-BDDA-1EF4C50E6177} = {D2AC8B53-93D2-46C0-9C75-4D7AE2183B9D}
		{E9E770E1-369B-48AF-8CF5-6444EAA28324} = {662598BB-E7E2-40E6-B2EA-892AA25F879E}
		{2C925268-7564-4DE2-ACBF-61316B1A2E8D} = {E9E770E1-369B-48AF-8CF5-6444EAA28324}
	EndGlobalSection
	GlobalSection(ExtensibilityGlobals) = postSolution
		SolutionGuid = {51E1CD70-9B1F-42E0-BBBC-832F06DA87F1}
	EndGlobalSection
EndGlobal
