
Microsoft Visual Studio Solution File, Format Version 12.00
# Visual Studio Version 17
VisualStudioVersion = 17.9.34701.34
MinimumVisualStudioVersion = 10.0.40219.1
Project("{2150E333-8FDC-42A3-9474-1A3956D46DE8}") = "Services", "Services", "{662598BB-E7E2-40E6-B2EA-892AA25F879E}"
EndProject
Project("{2150E333-8FDC-42A3-9474-1A3956D46DE8}") = "ApiGateways", "ApiGateways", "{D2AC8B53-93D2-46C0-9C75-4D7AE2183B9D}"
EndProject
Project("{2150E333-8FDC-42A3-9474-1A3956D46DE8}") = "Common", "Common", "{24580140-4E74-47BA-A69A-98135C349009}"
EndProject
Project("{2150E333-8FDC-42A3-9474-1A3956D46DE8}") = "Catalog", "Catalog", "{2D0B8608-9823-4B73-8ABB-BB2E97DA921B}"
EndProject
Project("{2150E333-8FDC-42A3-9474-1A3956D46DE8}") = "Ordering", "Ordering", "{B6AC4FDB-AA1D-4ECA-AFB5-FAA6E1E12F3B}"
EndProject
Project("{2150E333-8FDC-42A3-9474-1A3956D46DE8}") = "Basket", "Basket", "{837D0274-1EBE-4329-9057-8C7BDF8C1164}"
EndProject
Project("{2150E333-8FDC-42A3-9474-1A3956D46DE8}") = "Discount", "Discount", "{F6BAE498-4089-4C01-BB34-65FF8958B5C8}"
EndProject
Project("{9A19103F-16F7-4668-BE54-9A1E7A4F7556}") = "Catalog.Api", "Services\Catalog\Catalog.Api\Catalog.Api.csproj", "{0B1FBFC6-C8C1-41D7-A403-3E9B76CE3158}"
EndProject
Project("{FAE04EC0-301F-11D3-BF4B-00C04F79EFBC}") = "Common", "Common\Common\Common.csproj", "{20CB8BE0-495F-4DDD-92B9-FE306777A3EF}"
EndProject
Global
	GlobalSection(SolutionConfigurationPlatforms) = preSolution
		Debug|Any CPU = Debug|Any CPU
		Release|Any CPU = Release|Any CPU
	EndGlobalSection
	GlobalSection(ProjectConfigurationPlatforms) = postSolution
		{0B1FBFC6-C8C1-41D7-A403-3E9B76CE3158}.Debug|Any CPU.ActiveCfg = Debug|Any CPU
		{0B1FBFC6-C8C1-41D7-A403-3E9B76CE3158}.Debug|Any CPU.Build.0 = Debug|Any CPU
		{0B1FBFC6-C8C1-41D7-A403-3E9B76CE3158}.Release|Any CPU.ActiveCfg = Release|Any CPU
		{0B1FBFC6-C8C1-41D7-A403-3E9B76CE3158}.Release|Any CPU.Build.0 = Release|Any CPU
		{20CB8BE0-495F-4DDD-92B9-FE306777A3EF}.Debug|Any CPU.ActiveCfg = Debug|Any CPU
		{20CB8BE0-495F-4DDD-92B9-FE306777A3EF}.Debug|Any CPU.Build.0 = Debug|Any CPU
		{20CB8BE0-495F-4DDD-92B9-FE306777A3EF}.Release|Any CPU.ActiveCfg = Release|Any CPU
		{20CB8BE0-495F-4DDD-92B9-FE306777A3EF}.Release|Any CPU.Build.0 = Release|Any CPU
	EndGlobalSection
	GlobalSection(SolutionProperties) = preSolution
		HideSolutionNode = FALSE
	EndGlobalSection
	GlobalSection(NestedProjects) = preSolution
		{2D0B8608-9823-4B73-8ABB-BB2E97DA921B} = {662598BB-E7E2-40E6-B2EA-892AA25F879E}
		{B6AC4FDB-AA1D-4ECA-AFB5-FAA6E1E12F3B} = {662598BB-E7E2-40E6-B2EA-892AA25F879E}
		{837D0274-1EBE-4329-9057-8C7BDF8C1164} = {662598BB-E7E2-40E6-B2EA-892AA25F879E}
		{F6BAE498-4089-4C01-BB34-65FF8958B5C8} = {662598BB-E7E2-40E6-B2EA-892AA25F879E}
		{0B1FBFC6-C8C1-41D7-A403-3E9B76CE3158} = {2D0B8608-9823-4B73-8ABB-BB2E97DA921B}
		{20CB8BE0-495F-4DDD-92B9-FE306777A3EF} = {24580140-4E74-47BA-A69A-98135C349009}
	EndGlobalSection
	GlobalSection(ExtensibilityGlobals) = postSolution
		SolutionGuid = {51E1CD70-9B1F-42E0-BBBC-832F06DA87F1}
	EndGlobalSection
EndGlobal
